// !$*UTF8*$!
{
	archiveVersion = 1;
	classes = {
	};
	objectVersion = 56;
	objects = {

/* Begin PBXBuildFile section */
		704EAF5E2917FE5600832434 /* tachMoney.mp3 in Resources */ = {isa = PBXBuildFile; fileRef = 704EAF5D2917FE5600832434 /* tachMoney.mp3 */; };
		70AF5489290FC243002975EF /* AppDelegate.swift in Sources */ = {isa = PBXBuildFile; fileRef = 70AF5488290FC243002975EF /* AppDelegate.swift */; };
		70AF548B290FC243002975EF /* SceneDelegate.swift in Sources */ = {isa = PBXBuildFile; fileRef = 70AF548A290FC243002975EF /* SceneDelegate.swift */; };
		70AF548D290FC243002975EF /* StartViewController.swift in Sources */ = {isa = PBXBuildFile; fileRef = 70AF548C290FC243002975EF /* StartViewController.swift */; };
		70AF5492290FC245002975EF /* Assets.xcassets in Resources */ = {isa = PBXBuildFile; fileRef = 70AF5491290FC245002975EF /* Assets.xcassets */; };
		70AF5495290FC245002975EF /* LaunchScreen.storyboard in Resources */ = {isa = PBXBuildFile; fileRef = 70AF5493290FC245002975EF /* LaunchScreen.storyboard */; };
		70AF549D290FC31F002975EF /* .gitignore in Resources */ = {isa = PBXBuildFile; fileRef = 70AF549C290FC31F002975EF /* .gitignore */; };
		70AF54AA290FCCEE002975EF /* victoryMillion.mp3 in Resources */ = {isa = PBXBuildFile; fileRef = 70AF54A4290FCCED002975EF /* victoryMillion.mp3 */; };
		70AF54AB290FCCEE002975EF /* waitForInspection.mp3 in Resources */ = {isa = PBXBuildFile; fileRef = 70AF54A5290FCCED002975EF /* waitForInspection.mp3 */; };
		70AF54AC290FCCEE002975EF /* wrongAnswer.mp3 in Resources */ = {isa = PBXBuildFile; fileRef = 70AF54A6290FCCED002975EF /* wrongAnswer.mp3 */; };
		70AF54AD290FCCEE002975EF /* correctAnswer.mp3 in Resources */ = {isa = PBXBuildFile; fileRef = 70AF54A7290FCCEE002975EF /* correctAnswer.mp3 */; };
		70AF54AE290FCCEE002975EF /* waitForResponse.mp3 in Resources */ = {isa = PBXBuildFile; fileRef = 70AF54A8290FCCEE002975EF /* waitForResponse.mp3 */; };
		70AF54AF290FCCEE002975EF /* startApp.mp3 in Resources */ = {isa = PBXBuildFile; fileRef = 70AF54A9290FCCEE002975EF /* startApp.mp3 */; };
		70AF54B1290FCD3A002975EF /* SoundModel.swift in Sources */ = {isa = PBXBuildFile; fileRef = 70AF54B0290FCD3A002975EF /* SoundModel.swift */; };
		70AF54B3290FCF26002975EF /* QuestionModel.swift in Sources */ = {isa = PBXBuildFile; fileRef = 70AF54B2290FCF26002975EF /* QuestionModel.swift */; };
		70DF1B9A29153B25003C13F5 /* GameBrain.swift in Sources */ = {isa = PBXBuildFile; fileRef = 70DF1B9929153B25003C13F5 /* GameBrain.swift */; };
		A56C12802911137A00AD47DE /* LevelListView.swift in Sources */ = {isa = PBXBuildFile; fileRef = A56C127F2911137A00AD47DE /* LevelListView.swift */; };
		A56C1282291113A200AD47DE /* LevelListTableView.swift in Sources */ = {isa = PBXBuildFile; fileRef = A56C1281291113A200AD47DE /* LevelListTableView.swift */; };
		A56C128829111E3A00AD47DE /* LevelListTableViewCell.swift in Sources */ = {isa = PBXBuildFile; fileRef = A56C128729111E3A00AD47DE /* LevelListTableViewCell.swift */; };
		EC3B212A291043DA0080E158 /* RuleViewController.swift in Sources */ = {isa = PBXBuildFile; fileRef = EC3B2129291043DA0080E158 /* RuleViewController.swift */; };
		EC3B212C2910442D0080E158 /* GameViewController.swift in Sources */ = {isa = PBXBuildFile; fileRef = EC3B212B2910442D0080E158 /* GameViewController.swift */; };
		EC3B212E2910443B0080E158 /* LevelListViewController.swift in Sources */ = {isa = PBXBuildFile; fileRef = EC3B212D2910443B0080E158 /* LevelListViewController.swift */; };
		EC3B21302910444B0080E158 /* FinalResultViewController.swift in Sources */ = {isa = PBXBuildFile; fileRef = EC3B212F2910444B0080E158 /* FinalResultViewController.swift */; };
		ECDDF31B291567690032E334 /* CustomButtonNavigationBar.swift in Sources */ = {isa = PBXBuildFile; fileRef = ECDDF31A291567690032E334 /* CustomButtonNavigationBar.swift */; };
		ECDE7DF0291418410019F36B /* CustomButton.swift in Sources */ = {isa = PBXBuildFile; fileRef = ECDE7DEF291418410019F36B /* CustomButton.swift */; };
/* End PBXBuildFile section */

/* Begin PBXFileReference section */
		704EAF5D2917FE5600832434 /* tachMoney.mp3 */ = {isa = PBXFileReference; lastKnownFileType = audio.mp3; path = tachMoney.mp3; sourceTree = "<group>"; };
		70AF5485290FC243002975EF /* Millionaire.app */ = {isa = PBXFileReference; explicitFileType = wrapper.application; includeInIndex = 0; path = Millionaire.app; sourceTree = BUILT_PRODUCTS_DIR; };
		70AF5488290FC243002975EF /* AppDelegate.swift */ = {isa = PBXFileReference; lastKnownFileType = sourcecode.swift; path = AppDelegate.swift; sourceTree = "<group>"; };
		70AF548A290FC243002975EF /* SceneDelegate.swift */ = {isa = PBXFileReference; lastKnownFileType = sourcecode.swift; path = SceneDelegate.swift; sourceTree = "<group>"; };
		70AF548C290FC243002975EF /* StartViewController.swift */ = {isa = PBXFileReference; lastKnownFileType = sourcecode.swift; path = StartViewController.swift; sourceTree = "<group>"; };
		70AF5491290FC245002975EF /* Assets.xcassets */ = {isa = PBXFileReference; lastKnownFileType = folder.assetcatalog; path = Assets.xcassets; sourceTree = "<group>"; };
		70AF5494290FC245002975EF /* Base */ = {isa = PBXFileReference; lastKnownFileType = file.storyboard; name = Base; path = Base.lproj/LaunchScreen.storyboard; sourceTree = "<group>"; };
		70AF5496290FC245002975EF /* Info.plist */ = {isa = PBXFileReference; lastKnownFileType = text.plist.xml; path = Info.plist; sourceTree = "<group>"; };
		70AF549C290FC31F002975EF /* .gitignore */ = {isa = PBXFileReference; lastKnownFileType = text; path = .gitignore; sourceTree = "<group>"; };
		70AF54A4290FCCED002975EF /* victoryMillion.mp3 */ = {isa = PBXFileReference; lastKnownFileType = audio.mp3; path = victoryMillion.mp3; sourceTree = "<group>"; };
		70AF54A5290FCCED002975EF /* waitForInspection.mp3 */ = {isa = PBXFileReference; lastKnownFileType = audio.mp3; path = waitForInspection.mp3; sourceTree = "<group>"; };
		70AF54A6290FCCED002975EF /* wrongAnswer.mp3 */ = {isa = PBXFileReference; lastKnownFileType = audio.mp3; path = wrongAnswer.mp3; sourceTree = "<group>"; };
		70AF54A7290FCCEE002975EF /* correctAnswer.mp3 */ = {isa = PBXFileReference; lastKnownFileType = audio.mp3; path = correctAnswer.mp3; sourceTree = "<group>"; };
		70AF54A8290FCCEE002975EF /* waitForResponse.mp3 */ = {isa = PBXFileReference; lastKnownFileType = audio.mp3; path = waitForResponse.mp3; sourceTree = "<group>"; };
		70AF54A9290FCCEE002975EF /* startApp.mp3 */ = {isa = PBXFileReference; lastKnownFileType = audio.mp3; path = startApp.mp3; sourceTree = "<group>"; };
		70AF54B0290FCD3A002975EF /* SoundModel.swift */ = {isa = PBXFileReference; lastKnownFileType = sourcecode.swift; path = SoundModel.swift; sourceTree = "<group>"; };
		70AF54B2290FCF26002975EF /* QuestionModel.swift */ = {isa = PBXFileReference; lastKnownFileType = sourcecode.swift; path = QuestionModel.swift; sourceTree = "<group>"; };
		70DF1B9929153B25003C13F5 /* GameBrain.swift */ = {isa = PBXFileReference; lastKnownFileType = sourcecode.swift; path = GameBrain.swift; sourceTree = "<group>"; };
		A56C127F2911137A00AD47DE /* LevelListView.swift */ = {isa = PBXFileReference; lastKnownFileType = sourcecode.swift; path = LevelListView.swift; sourceTree = "<group>"; };
		A56C1281291113A200AD47DE /* LevelListTableView.swift */ = {isa = PBXFileReference; lastKnownFileType = sourcecode.swift; path = LevelListTableView.swift; sourceTree = "<group>"; };
		A56C128729111E3A00AD47DE /* LevelListTableViewCell.swift */ = {isa = PBXFileReference; lastKnownFileType = sourcecode.swift; path = LevelListTableViewCell.swift; sourceTree = "<group>"; };
		EC3B2129291043DA0080E158 /* RuleViewController.swift */ = {isa = PBXFileReference; lastKnownFileType = sourcecode.swift; path = RuleViewController.swift; sourceTree = "<group>"; };
		EC3B212B2910442D0080E158 /* GameViewController.swift */ = {isa = PBXFileReference; lastKnownFileType = sourcecode.swift; path = GameViewController.swift; sourceTree = "<group>"; };
		EC3B212D2910443B0080E158 /* LevelListViewController.swift */ = {isa = PBXFileReference; lastKnownFileType = sourcecode.swift; path = LevelListViewController.swift; sourceTree = "<group>"; };
		EC3B212F2910444B0080E158 /* FinalResultViewController.swift */ = {isa = PBXFileReference; lastKnownFileType = sourcecode.swift; path = FinalResultViewController.swift; sourceTree = "<group>"; };
		ECDDF31A291567690032E334 /* CustomButtonNavigationBar.swift */ = {isa = PBXFileReference; lastKnownFileType = sourcecode.swift; path = CustomButtonNavigationBar.swift; sourceTree = "<group>"; };
		ECDE7DEF291418410019F36B /* CustomButton.swift */ = {isa = PBXFileReference; lastKnownFileType = sourcecode.swift; path = CustomButton.swift; sourceTree = "<group>"; };
/* End PBXFileReference section */

/* Begin PBXFrameworksBuildPhase section */
		70AF5482290FC243002975EF /* Frameworks */ = {
			isa = PBXFrameworksBuildPhase;
			buildActionMask = 2147483647;
			files = (
			);
			runOnlyForDeploymentPostprocessing = 0;
		};
/* End PBXFrameworksBuildPhase section */

/* Begin PBXGroup section */
		70AF547C290FC243002975EF = {
			isa = PBXGroup;
			children = (
				70AF549C290FC31F002975EF /* .gitignore */,
				70AF5487290FC243002975EF /* Millionaire */,
				70AF5486290FC243002975EF /* Products */,
			);
			sourceTree = "<group>";
		};
		70AF5486290FC243002975EF /* Products */ = {
			isa = PBXGroup;
			children = (
				70AF5485290FC243002975EF /* Millionaire.app */,
			);
			name = Products;
			sourceTree = "<group>";
		};
		70AF5487290FC243002975EF /* Millionaire */ = {
			isa = PBXGroup;
			children = (
				70AF54A2290FC4FC002975EF /* App */,
				70AF54A0290FC4B9002975EF /* Controller */,
				ECDE7DEE291418180019F36B /* Extensoins */,
				70AF549F290FC49E002975EF /* Model */,
				70AF549E290FC486002975EF /* View */,
				70AF54A1290FC4D5002975EF /* Resources */,
				70AF5496290FC245002975EF /* Info.plist */,
			);
			path = Millionaire;
			sourceTree = "<group>";
		};
		70AF549E290FC486002975EF /* View */ = {
			isa = PBXGroup;
			children = (
				A56C1283291115E800AD47DE /* LevelList */,
			);
			name = View;
			sourceTree = "<group>";
		};
		70AF549F290FC49E002975EF /* Model */ = {
			isa = PBXGroup;
			children = (
				70AF54B0290FCD3A002975EF /* SoundModel.swift */,
				70AF54B2290FCF26002975EF /* QuestionModel.swift */,
				70DF1B9929153B25003C13F5 /* GameBrain.swift */,
			);
			path = Model;
			sourceTree = "<group>";
		};
		70AF54A0290FC4B9002975EF /* Controller */ = {
			isa = PBXGroup;
			children = (
				70AF548C290FC243002975EF /* StartViewController.swift */,
				EC3B2129291043DA0080E158 /* RuleViewController.swift */,
				EC3B212B2910442D0080E158 /* GameViewController.swift */,
				EC3B212D2910443B0080E158 /* LevelListViewController.swift */,
				EC3B212F2910444B0080E158 /* FinalResultViewController.swift */,
			);
			name = Controller;
			sourceTree = "<group>";
		};
		70AF54A1290FC4D5002975EF /* Resources */ = {
			isa = PBXGroup;
			children = (
				70AF5491290FC245002975EF /* Assets.xcassets */,
				70AF54A3290FC519002975EF /* Sound */,
			);
			name = Resources;
			sourceTree = "<group>";
		};
		70AF54A2290FC4FC002975EF /* App */ = {
			isa = PBXGroup;
			children = (
				70AF5488290FC243002975EF /* AppDelegate.swift */,
				70AF548A290FC243002975EF /* SceneDelegate.swift */,
				70AF5493290FC245002975EF /* LaunchScreen.storyboard */,
			);
			path = App;
			sourceTree = "<group>";
		};
		70AF54A3290FC519002975EF /* Sound */ = {
			isa = PBXGroup;
			children = (
				70AF54A7290FCCEE002975EF /* correctAnswer.mp3 */,
				70AF54A9290FCCEE002975EF /* startApp.mp3 */,
				704EAF5D2917FE5600832434 /* tachMoney.mp3 */,
				70AF54A4290FCCED002975EF /* victoryMillion.mp3 */,
				70AF54A5290FCCED002975EF /* waitForInspection.mp3 */,
				70AF54A8290FCCEE002975EF /* waitForResponse.mp3 */,
				70AF54A6290FCCED002975EF /* wrongAnswer.mp3 */,
			);
			path = Sound;
			sourceTree = "<group>";
		};
		A56C1283291115E800AD47DE /* LevelList */ = {
			isa = PBXGroup;
			children = (
				A56C127F2911137A00AD47DE /* LevelListView.swift */,
				A56C1281291113A200AD47DE /* LevelListTableView.swift */,
				A56C128729111E3A00AD47DE /* LevelListTableViewCell.swift */,
			);
			name = LevelList;
			sourceTree = "<group>";
		};
		ECDE7DEE291418180019F36B /* Extensoins */ = {
			isa = PBXGroup;
			children = (
				ECDE7DEF291418410019F36B /* CustomButton.swift */,
				ECDDF31A291567690032E334 /* CustomButtonNavigationBar.swift */,
			);
			name = Extensoins;
			sourceTree = "<group>";
		};
/* End PBXGroup section */

/* Begin PBXNativeTarget section */
		70AF5484290FC243002975EF /* Millionaire */ = {
			isa = PBXNativeTarget;
			buildConfigurationList = 70AF5499290FC245002975EF /* Build configuration list for PBXNativeTarget "Millionaire" */;
			buildPhases = (
				70AF5481290FC243002975EF /* Sources */,
				70AF5482290FC243002975EF /* Frameworks */,
				70AF5483290FC243002975EF /* Resources */,
			);
			buildRules = (
			);
			dependencies = (
			);
			name = Millionaire;
			productName = Millionaire;
			productReference = 70AF5485290FC243002975EF /* Millionaire.app */;
			productType = "com.apple.product-type.application";
		};
/* End PBXNativeTarget section */

/* Begin PBXProject section */
		70AF547D290FC243002975EF /* Project object */ = {
			isa = PBXProject;
			attributes = {
				BuildIndependentTargetsInParallel = 1;
				LastSwiftUpdateCheck = 1400;
				LastUpgradeCheck = 1400;
				TargetAttributes = {
					70AF5484290FC243002975EF = {
						CreatedOnToolsVersion = 14.0.1;
					};
				};
			};
			buildConfigurationList = 70AF5480290FC243002975EF /* Build configuration list for PBXProject "Millionaire" */;
			compatibilityVersion = "Xcode 14.0";
			developmentRegion = en;
			hasScannedForEncodings = 0;
			knownRegions = (
				en,
				Base,
			);
			mainGroup = 70AF547C290FC243002975EF;
			productRefGroup = 70AF5486290FC243002975EF /* Products */;
			projectDirPath = "";
			projectRoot = "";
			targets = (
				70AF5484290FC243002975EF /* Millionaire */,
			);
		};
/* End PBXProject section */

/* Begin PBXResourcesBuildPhase section */
		70AF5483290FC243002975EF /* Resources */ = {
			isa = PBXResourcesBuildPhase;
			buildActionMask = 2147483647;
			files = (
				70AF549D290FC31F002975EF /* .gitignore in Resources */,
				70AF54AD290FCCEE002975EF /* correctAnswer.mp3 in Resources */,
				70AF54AC290FCCEE002975EF /* wrongAnswer.mp3 in Resources */,
				70AF54AF290FCCEE002975EF /* startApp.mp3 in Resources */,
				70AF5495290FC245002975EF /* LaunchScreen.storyboard in Resources */,
				704EAF5E2917FE5600832434 /* tachMoney.mp3 in Resources */,
				70AF54AE290FCCEE002975EF /* waitForResponse.mp3 in Resources */,
				70AF5492290FC245002975EF /* Assets.xcassets in Resources */,
				70AF54AB290FCCEE002975EF /* waitForInspection.mp3 in Resources */,
				70AF54AA290FCCEE002975EF /* victoryMillion.mp3 in Resources */,
			);
			runOnlyForDeploymentPostprocessing = 0;
		};
/* End PBXResourcesBuildPhase section */

/* Begin PBXSourcesBuildPhase section */
		70AF5481290FC243002975EF /* Sources */ = {
			isa = PBXSourcesBuildPhase;
			buildActionMask = 2147483647;
			files = (
				ECDE7DF0291418410019F36B /* CustomButton.swift in Sources */,
				70AF548D290FC243002975EF /* StartViewController.swift in Sources */,
				70DF1B9A29153B25003C13F5 /* GameBrain.swift in Sources */,
				70AF54B1290FCD3A002975EF /* SoundModel.swift in Sources */,
				A56C128829111E3A00AD47DE /* LevelListTableViewCell.swift in Sources */,
				ECDDF31B291567690032E334 /* CustomButtonNavigationBar.swift in Sources */,
				70AF5489290FC243002975EF /* AppDelegate.swift in Sources */,
				A56C12802911137A00AD47DE /* LevelListView.swift in Sources */,
				EC3B212E2910443B0080E158 /* LevelListViewController.swift in Sources */,
				EC3B212A291043DA0080E158 /* RuleViewController.swift in Sources */,
				EC3B212C2910442D0080E158 /* GameViewController.swift in Sources */,
				70AF548B290FC243002975EF /* SceneDelegate.swift in Sources */,
				70AF54B3290FCF26002975EF /* QuestionModel.swift in Sources */,
				EC3B21302910444B0080E158 /* FinalResultViewController.swift in Sources */,
				A56C1282291113A200AD47DE /* LevelListTableView.swift in Sources */,
			);
			runOnlyForDeploymentPostprocessing = 0;
		};
/* End PBXSourcesBuildPhase section */

/* Begin PBXVariantGroup section */
		70AF5493290FC245002975EF /* LaunchScreen.storyboard */ = {
			isa = PBXVariantGroup;
			children = (
				70AF5494290FC245002975EF /* Base */,
			);
			name = LaunchScreen.storyboard;
			sourceTree = "<group>";
		};
/* End PBXVariantGroup section */

/* Begin XCBuildConfiguration section */
		70AF5497290FC245002975EF /* Debug */ = {
			isa = XCBuildConfiguration;
			buildSettings = {
				ALWAYS_SEARCH_USER_PATHS = NO;
				CLANG_ANALYZER_NONNULL = YES;
				CLANG_ANALYZER_NUMBER_OBJECT_CONVERSION = YES_AGGRESSIVE;
				CLANG_CXX_LANGUAGE_STANDARD = "gnu++20";
				CLANG_ENABLE_MODULES = YES;
				CLANG_ENABLE_OBJC_ARC = YES;
				CLANG_ENABLE_OBJC_WEAK = YES;
				CLANG_WARN_BLOCK_CAPTURE_AUTORELEASING = YES;
				CLANG_WARN_BOOL_CONVERSION = YES;
				CLANG_WARN_COMMA = YES;
				CLANG_WARN_CONSTANT_CONVERSION = YES;
				CLANG_WARN_DEPRECATED_OBJC_IMPLEMENTATIONS = YES;
				CLANG_WARN_DIRECT_OBJC_ISA_USAGE = YES_ERROR;
				CLANG_WARN_DOCUMENTATION_COMMENTS = YES;
				CLANG_WARN_EMPTY_BODY = YES;
				CLANG_WARN_ENUM_CONVERSION = YES;
				CLANG_WARN_INFINITE_RECURSION = YES;
				CLANG_WARN_INT_CONVERSION = YES;
				CLANG_WARN_NON_LITERAL_NULL_CONVERSION = YES;
				CLANG_WARN_OBJC_IMPLICIT_RETAIN_SELF = YES;
				CLANG_WARN_OBJC_LITERAL_CONVERSION = YES;
				CLANG_WARN_OBJC_ROOT_CLASS = YES_ERROR;
				CLANG_WARN_QUOTED_INCLUDE_IN_FRAMEWORK_HEADER = YES;
				CLANG_WARN_RANGE_LOOP_ANALYSIS = YES;
				CLANG_WARN_STRICT_PROTOTYPES = YES;
				CLANG_WARN_SUSPICIOUS_MOVE = YES;
				CLANG_WARN_UNGUARDED_AVAILABILITY = YES_AGGRESSIVE;
				CLANG_WARN_UNREACHABLE_CODE = YES;
				CLANG_WARN__DUPLICATE_METHOD_MATCH = YES;
				COPY_PHASE_STRIP = NO;
				DEBUG_INFORMATION_FORMAT = dwarf;
				ENABLE_STRICT_OBJC_MSGSEND = YES;
				ENABLE_TESTABILITY = YES;
				GCC_C_LANGUAGE_STANDARD = gnu11;
				GCC_DYNAMIC_NO_PIC = NO;
				GCC_NO_COMMON_BLOCKS = YES;
				GCC_OPTIMIZATION_LEVEL = 0;
				GCC_PREPROCESSOR_DEFINITIONS = (
					"DEBUG=1",
					"$(inherited)",
				);
				GCC_WARN_64_TO_32_BIT_CONVERSION = YES;
				GCC_WARN_ABOUT_RETURN_TYPE = YES_ERROR;
				GCC_WARN_UNDECLARED_SELECTOR = YES;
				GCC_WARN_UNINITIALIZED_AUTOS = YES_AGGRESSIVE;
				GCC_WARN_UNUSED_FUNCTION = YES;
				GCC_WARN_UNUSED_VARIABLE = YES;
				IPHONEOS_DEPLOYMENT_TARGET = 16.0;
				MTL_ENABLE_DEBUG_INFO = INCLUDE_SOURCE;
				MTL_FAST_MATH = YES;
				ONLY_ACTIVE_ARCH = YES;
				SDKROOT = iphoneos;
				SWIFT_ACTIVE_COMPILATION_CONDITIONS = DEBUG;
				SWIFT_OPTIMIZATION_LEVEL = "-Onone";
			};
			name = Debug;
		};
		70AF5498290FC245002975EF /* Release */ = {
			isa = XCBuildConfiguration;
			buildSettings = {
				ALWAYS_SEARCH_USER_PATHS = NO;
				CLANG_ANALYZER_NONNULL = YES;
				CLANG_ANALYZER_NUMBER_OBJECT_CONVERSION = YES_AGGRESSIVE;
				CLANG_CXX_LANGUAGE_STANDARD = "gnu++20";
				CLANG_ENABLE_MODULES = YES;
				CLANG_ENABLE_OBJC_ARC = YES;
				CLANG_ENABLE_OBJC_WEAK = YES;
				CLANG_WARN_BLOCK_CAPTURE_AUTORELEASING = YES;
				CLANG_WARN_BOOL_CONVERSION = YES;
				CLANG_WARN_COMMA = YES;
				CLANG_WARN_CONSTANT_CONVERSION = YES;
				CLANG_WARN_DEPRECATED_OBJC_IMPLEMENTATIONS = YES;
				CLANG_WARN_DIRECT_OBJC_ISA_USAGE = YES_ERROR;
				CLANG_WARN_DOCUMENTATION_COMMENTS = YES;
				CLANG_WARN_EMPTY_BODY = YES;
				CLANG_WARN_ENUM_CONVERSION = YES;
				CLANG_WARN_INFINITE_RECURSION = YES;
				CLANG_WARN_INT_CONVERSION = YES;
				CLANG_WARN_NON_LITERAL_NULL_CONVERSION = YES;
				CLANG_WARN_OBJC_IMPLICIT_RETAIN_SELF = YES;
				CLANG_WARN_OBJC_LITERAL_CONVERSION = YES;
				CLANG_WARN_OBJC_ROOT_CLASS = YES_ERROR;
				CLANG_WARN_QUOTED_INCLUDE_IN_FRAMEWORK_HEADER = YES;
				CLANG_WARN_RANGE_LOOP_ANALYSIS = YES;
				CLANG_WARN_STRICT_PROTOTYPES = YES;
				CLANG_WARN_SUSPICIOUS_MOVE = YES;
				CLANG_WARN_UNGUARDED_AVAILABILITY = YES_AGGRESSIVE;
				CLANG_WARN_UNREACHABLE_CODE = YES;
				CLANG_WARN__DUPLICATE_METHOD_MATCH = YES;
				COPY_PHASE_STRIP = NO;
				DEBUG_INFORMATION_FORMAT = "dwarf-with-dsym";
				ENABLE_NS_ASSERTIONS = NO;
				ENABLE_STRICT_OBJC_MSGSEND = YES;
				GCC_C_LANGUAGE_STANDARD = gnu11;
				GCC_NO_COMMON_BLOCKS = YES;
				GCC_WARN_64_TO_32_BIT_CONVERSION = YES;
				GCC_WARN_ABOUT_RETURN_TYPE = YES_ERROR;
				GCC_WARN_UNDECLARED_SELECTOR = YES;
				GCC_WARN_UNINITIALIZED_AUTOS = YES_AGGRESSIVE;
				GCC_WARN_UNUSED_FUNCTION = YES;
				GCC_WARN_UNUSED_VARIABLE = YES;
				IPHONEOS_DEPLOYMENT_TARGET = 16.0;
				MTL_ENABLE_DEBUG_INFO = NO;
				MTL_FAST_MATH = YES;
				SDKROOT = iphoneos;
				SWIFT_COMPILATION_MODE = wholemodule;
				SWIFT_OPTIMIZATION_LEVEL = "-O";
				VALIDATE_PRODUCT = YES;
			};
			name = Release;
		};
		70AF549A290FC245002975EF /* Debug */ = {
			isa = XCBuildConfiguration;
			buildSettings = {
				ASSETCATALOG_COMPILER_APPICON_NAME = AppIcon;
				ASSETCATALOG_COMPILER_GLOBAL_ACCENT_COLOR_NAME = AccentColor;
				CODE_SIGN_STYLE = Automatic;
				CURRENT_PROJECT_VERSION = 1;
				DEVELOPMENT_TEAM = 65JLP27XM7;
				GENERATE_INFOPLIST_FILE = YES;
				INFOPLIST_FILE = Millionaire/Info.plist;
				INFOPLIST_KEY_UIApplicationSupportsIndirectInputEvents = YES;
				INFOPLIST_KEY_UILaunchStoryboardName = LaunchScreen;
				INFOPLIST_KEY_UIMainStoryboardFile = "";
				INFOPLIST_KEY_UIStatusBarHidden = NO;
				INFOPLIST_KEY_UIStatusBarStyle = "";
				INFOPLIST_KEY_UISupportedInterfaceOrientations = UIInterfaceOrientationPortrait;
				INFOPLIST_KEY_UISupportedInterfaceOrientations_iPad = "UIInterfaceOrientationLandscapeLeft UIInterfaceOrientationLandscapeRight UIInterfaceOrientationPortrait UIInterfaceOrientationPortraitUpsideDown";
				IPHONEOS_DEPLOYMENT_TARGET = 13.0;
				LD_RUNPATH_SEARCH_PATHS = (
					"$(inherited)",
					"@executable_path/Frameworks",
				);
				MARKETING_VERSION = 1.0;
				PRODUCT_BUNDLE_IDENTIFIER = com.DaniilSimakhin.Millionaire;
				PRODUCT_NAME = "$(TARGET_NAME)";
				SUPPORTED_PLATFORMS = "iphoneos iphonesimulator";
				SUPPORTS_MACCATALYST = NO;
				SUPPORTS_MAC_DESIGNED_FOR_IPHONE_IPAD = NO;
				SWIFT_EMIT_LOC_STRINGS = YES;
				SWIFT_VERSION = 5.0;
				TARGETED_DEVICE_FAMILY = 1;
			};
			name = Debug;
		};
		70AF549B290FC245002975EF /* Release */ = {
			isa = XCBuildConfiguration;
			buildSettings = {
				ASSETCATALOG_COMPILER_APPICON_NAME = AppIcon;
				ASSETCATALOG_COMPILER_GLOBAL_ACCENT_COLOR_NAME = AccentColor;
				CODE_SIGN_STYLE = Automatic;
				CURRENT_PROJECT_VERSION = 1;
				DEVELOPMENT_TEAM = 65JLP27XM7;
				GENERATE_INFOPLIST_FILE = YES;
				INFOPLIST_FILE = Millionaire/Info.plist;
				INFOPLIST_KEY_UIApplicationSupportsIndirectInputEvents = YES;
				INFOPLIST_KEY_UILaunchStoryboardName = LaunchScreen;
				INFOPLIST_KEY_UIMainStoryboardFile = "";
				INFOPLIST_KEY_UIStatusBarHidden = NO;
				INFOPLIST_KEY_UIStatusBarStyle = "";
				INFOPLIST_KEY_UISupportedInterfaceOrientations = UIInterfaceOrientationPortrait;
				INFOPLIST_KEY_UISupportedInterfaceOrientations_iPad = "UIInterfaceOrientationLandscapeLeft UIInterfaceOrientationLandscapeRight UIInterfaceOrientationPortrait UIInterfaceOrientationPortraitUpsideDown";
				IPHONEOS_DEPLOYMENT_TARGET = 13.0;
				LD_RUNPATH_SEARCH_PATHS = (
					"$(inherited)",
					"@executable_path/Frameworks",
				);
				MARKETING_VERSION = 1.0;
				PRODUCT_BUNDLE_IDENTIFIER = com.DaniilSimakhin.Millionaire;
				PRODUCT_NAME = "$(TARGET_NAME)";
				SUPPORTED_PLATFORMS = "iphoneos iphonesimulator";
				SUPPORTS_MACCATALYST = NO;
				SUPPORTS_MAC_DESIGNED_FOR_IPHONE_IPAD = NO;
				SWIFT_EMIT_LOC_STRINGS = YES;
				SWIFT_VERSION = 5.0;
				TARGETED_DEVICE_FAMILY = 1;
			};
			name = Release;
		};
/* End XCBuildConfiguration section */

/* Begin XCConfigurationList section */
		70AF5480290FC243002975EF /* Build configuration list for PBXProject "Millionaire" */ = {
			isa = XCConfigurationList;
			buildConfigurations = (
				70AF5497290FC245002975EF /* Debug */,
				70AF5498290FC245002975EF /* Release */,
			);
			defaultConfigurationIsVisible = 0;
			defaultConfigurationName = Release;
		};
		70AF5499290FC245002975EF /* Build configuration list for PBXNativeTarget "Millionaire" */ = {
			isa = XCConfigurationList;
			buildConfigurations = (
				70AF549A290FC245002975EF /* Debug */,
				70AF549B290FC245002975EF /* Release */,
			);
			defaultConfigurationIsVisible = 0;
			defaultConfigurationName = Release;
		};
/* End XCConfigurationList section */
	};
	rootObject = 70AF547D290FC243002975EF /* Project object */;
}
